
Microsoft Visual Studio Solution File, Format Version 12.00
# Visual Studio 15
VisualStudioVersion = 15.0.27130.2024
MinimumVisualStudioVersion = 10.0.40219.1
Project("{FAE04EC0-301F-11D3-BF4B-00C04F79EFBC}") = "MyTrayIcon", "MyTrayIcon\MyTrayIcon.csproj", "{18D42F2C-3008-482F-8884-C078B2EF8FA1}"
EndProject
Global
	GlobalSection(SolutionConfigurationPlatforms) = preSolution
		Debug|Any CPU = Debug|Any CPU
		Release|Any CPU = Release|Any CPU
	EndGlobalSection
	GlobalSection(ProjectConfigurationPlatforms) = postSolution
		{18D42F2C-3008-482F-8884-C078B2EF8FA1}.Debug|Any CPU.ActiveCfg = Debug|Any CPU
		{18D42F2C-3008-482F-8884-C078B2EF8FA1}.Debug|Any CPU.Build.0 = Debug|Any CPU
		{18D42F2C-3008-482F-8884-C078B2EF8FA1}.Release|Any CPU.ActiveCfg = Release|Any CPU
		{18D42F2C-3008-482F-8884-C078B2EF8FA1}.Release|Any CPU.Build.0 = Release|Any CPU
	EndGlobalSection
	GlobalSection(SolutionProperties) = preSolution
		HideSolutionNode = FALSE
	EndGlobalSection
	GlobalSection(ExtensibilityGlobals) = postSolution
		SolutionGuid = {B1E4902D-1762-43BC-A80C-C1F739AC954F}
	EndGlobalSection
EndGlobal
